
Microsoft Visual Studio Solution File, Format Version 12.00
# Visual Studio Version 16
VisualStudioVersion = 16.0.31129.286
MinimumVisualStudioVersion = 10.0.40219.1
Project("{FAE04EC0-301F-11D3-BF4B-00C04F79EFBC}") = "Upravuvanje", "Upravuvanje\Upravuvanje.csproj", "{80D5685D-654A-4E3C-B071-6111EFE4002A}"
EndProject
Global
	GlobalSection(SolutionConfigurationPlatforms) = preSolution
		Debug|Any CPU = Debug|Any CPU
		Release|Any CPU = Release|Any CPU
	EndGlobalSection
	GlobalSection(ProjectConfigurationPlatforms) = postSolution
		{80D5685D-654A-4E3C-B071-6111EFE4002A}.Debug|Any CPU.ActiveCfg = Debug|Any CPU
		{80D5685D-654A-4E3C-B071-6111EFE4002A}.Debug|Any CPU.Build.0 = Debug|Any CPU
		{80D5685D-654A-4E3C-B071-6111EFE4002A}.Release|Any CPU.ActiveCfg = Release|Any CPU
		{80D5685D-654A-4E3C-B071-6111EFE4002A}.Release|Any CPU.Build.0 = Release|Any CPU
	EndGlobalSection
	GlobalSection(SolutionProperties) = preSolution
		HideSolutionNode = FALSE
	EndGlobalSection
	GlobalSection(ExtensibilityGlobals) = postSolution
		SolutionGuid = {35655B77-AE7C-44F9-8BFA-1BAF2D177044}
	EndGlobalSection
EndGlobal
